
Microsoft Visual Studio Solution File, Format Version 12.00
# Visual Studio Version 17
VisualStudioVersion = 17.8.34330.188
MinimumVisualStudioVersion = 10.0.40219.1
Project("{8BC9CEB8-8B4A-11D0-8D11-00A0C91BC942}") = "Blackjack - game", "Blackjack - game\Blackjack - game.vcxproj", "{5F775FC0-6936-474F-B71B-A5C266370340}"
EndProject
Global
	GlobalSection(SolutionConfigurationPlatforms) = preSolution
		Debug|x64 = Debug|x64
		Debug|x86 = Debug|x86
		Release|x64 = Release|x64
		Release|x86 = Release|x86
	EndGlobalSection
	GlobalSection(ProjectConfigurationPlatforms) = postSolution
		{5F775FC0-6936-474F-B71B-A5C266370340}.Debug|x64.ActiveCfg = Debug|x64
		{5F775FC0-6936-474F-B71B-A5C266370340}.Debug|x64.Build.0 = Debug|x64
		{5F775FC0-6936-474F-B71B-A5C266370340}.Debug|x86.ActiveCfg = Debug|Win32
		{5F775FC0-6936-474F-B71B-A5C266370340}.Debug|x86.Build.0 = Debug|Win32
		{5F775FC0-6936-474F-B71B-A5C266370340}.Release|x64.ActiveCfg = Release|x64
		{5F775FC0-6936-474F-B71B-A5C266370340}.Release|x64.Build.0 = Release|x64
		{5F775FC0-6936-474F-B71B-A5C266370340}.Release|x86.ActiveCfg = Release|Win32
		{5F775FC0-6936-474F-B71B-A5C266370340}.Release|x86.Build.0 = Release|Win32
	EndGlobalSection
	GlobalSection(SolutionProperties) = preSolution
		HideSolutionNode = FALSE
	EndGlobalSection
	GlobalSection(ExtensibilityGlobals) = postSolution
		SolutionGuid = {14A9FBE5-07B7-40E3-AB0E-31F98D7EE15E}
	EndGlobalSection
EndGlobal
